{
  "requires": true,
  "lockfileVersion": 1,
  "dependencies": {
    "konva": {
      "version": "2.4.0",
      "resolved": "https://registry.npmjs.org/konva/-/konva-2.4.0.tgz",
      "integrity": "sha512-9fgKBPkPBUeOmOEUUvS9KhjDYM11CTRfpydi5Wy7ctcAhlXfP5G90xYq8Gq3lSYbvc5+7XRx/Gyb65gFlNQ1yg=="
    },
    "vue": {
      "version": "2.5.17",
      "resolved": "https://registry.npmjs.org/vue/-/vue-2.5.17.tgz",
      "integrity": "sha512-mFbcWoDIJi0w0Za4emyLiW72Jae0yjANHbCVquMKijcavBGypqlF7zHRgMa5k4sesdv7hv2rB4JPdZfR+TPfhQ=="
    },
    "vue-konva": {
      "version": "1.0.6",
      "resolved": "https://registry.npmjs.org/vue-konva/-/vue-konva-1.0.6.tgz",
      "integrity": "sha512-LQpg/pdtkTgSqVt5GvfOPBgtzS5yLLANo9/6oPgyERTDZk+1x1xPxKUoD18uDDadhhVBUpmZDHyAtlpAfWZ37g==",
      "requires": {
        "vue": "^2.5.2",
        "vue-router": "^3.0.1"
      }
    },
    "vue-router": {
      "version": "3.0.1",
      "resolved": "https://registry.npmjs.org/vue-router/-/vue-router-3.0.1.tgz",
      "integrity": "sha512-vLLoY452L+JBpALMP5UHum9+7nzR9PeIBCghU9ZtJ1eWm6ieUI8Zb/DI3MYxH32bxkjzYV1LRjNv4qr8d+uX/w=="
    }
  }
}
